
Microsoft Visual Studio Solution File, Format Version 12.00
Project("{FAE04EC0-301F-11D3-BF4B-00C04F79EFBC}") = "IZMaze.OTPAuth", "IZMaze.OTPAuth\IZMaze.OTPAuth.csproj", "{771122B9-9934-4A2B-AAEB-111036691BDE}"
EndProject
Project("{FAE04EC0-301F-11D3-BF4B-00C04F79EFBC}") = "IZMaze.OTPAuth.Test", "IZMaze.OTPAuth.Test\IZMaze.OTPAuth.Test.csproj", "{4F193094-7D22-4A07-A918-996ED00972E4}"
EndProject
Project("{FAE04EC0-301F-11D3-BF4B-00C04F79EFBC}") = "IZMaze.MazeTools", "IZMaze.MazeTools\IZMaze.MazeTools.csproj", "{63F1DE56-6C86-4644-A408-6BFEB7460058}"
EndProject
Global
	GlobalSection(SolutionConfigurationPlatforms) = preSolution
		Debug|Any CPU = Debug|Any CPU
		Release|Any CPU = Release|Any CPU
	EndGlobalSection
	GlobalSection(ProjectConfigurationPlatforms) = postSolution
		{771122B9-9934-4A2B-AAEB-111036691BDE}.Debug|Any CPU.ActiveCfg = Debug|Any CPU
		{771122B9-9934-4A2B-AAEB-111036691BDE}.Debug|Any CPU.Build.0 = Debug|Any CPU
		{771122B9-9934-4A2B-AAEB-111036691BDE}.Release|Any CPU.ActiveCfg = Release|Any CPU
		{771122B9-9934-4A2B-AAEB-111036691BDE}.Release|Any CPU.Build.0 = Release|Any CPU
		{4F193094-7D22-4A07-A918-996ED00972E4}.Debug|Any CPU.ActiveCfg = Debug|Any CPU
		{4F193094-7D22-4A07-A918-996ED00972E4}.Debug|Any CPU.Build.0 = Debug|Any CPU
		{4F193094-7D22-4A07-A918-996ED00972E4}.Release|Any CPU.ActiveCfg = Release|Any CPU
		{4F193094-7D22-4A07-A918-996ED00972E4}.Release|Any CPU.Build.0 = Release|Any CPU
		{63F1DE56-6C86-4644-A408-6BFEB7460058}.Debug|Any CPU.ActiveCfg = Debug|Any CPU
		{63F1DE56-6C86-4644-A408-6BFEB7460058}.Debug|Any CPU.Build.0 = Debug|Any CPU
		{63F1DE56-6C86-4644-A408-6BFEB7460058}.Release|Any CPU.ActiveCfg = Release|Any CPU
		{63F1DE56-6C86-4644-A408-6BFEB7460058}.Release|Any CPU.Build.0 = Release|Any CPU
	EndGlobalSection
EndGlobal
